// !$*UTF8*$!
{
	archiveVersion = 1;
	classes = {
	};
	objectVersion = 56;
	objects = {

/* Begin PBXBuildFile section */
		6A0E82062C44BF2300DAA61D /* Extension.swift in Sources */ = {isa = PBXBuildFile; fileRef = 6A0E82052C44BF2300DAA61D /* Extension.swift */; };
		6A404B3D2C40C2F400295BBA /* Welcome.swift in Sources */ = {isa = PBXBuildFile; fileRef = 6A404B3C2C40C2F400295BBA /* Welcome.swift */; };
		6A404B3F2C40C5B000295BBA /* SharedInfo.swift in Sources */ = {isa = PBXBuildFile; fileRef = 6A404B3E2C40C5B000295BBA /* SharedInfo.swift */; };
		6A404B422C40DDF100295BBA /* TabController.swift in Sources */ = {isa = PBXBuildFile; fileRef = 6A404B412C40DDF100295BBA /* TabController.swift */; };
		6A404B452C40DE9400295BBA /* Login.swift in Sources */ = {isa = PBXBuildFile; fileRef = 6A404B442C40DE9400295BBA /* Login.swift */; };
		6A404B482C40F7FC00295BBA /* SQLManager.swift in Sources */ = {isa = PBXBuildFile; fileRef = 6A404B472C40F7FC00295BBA /* SQLManager.swift */; };
		6A404B4A2C40F83500295BBA /* UserInfoModel.swift in Sources */ = {isa = PBXBuildFile; fileRef = 6A404B492C40F83500295BBA /* UserInfoModel.swift */; };
		6A404B4C2C41046400295BBA /* PublicFunc.swift in Sources */ = {isa = PBXBuildFile; fileRef = 6A404B4B2C41046400295BBA /* PublicFunc.swift */; };
		6A404B4E2C4131C000295BBA /* Windows.swift in Sources */ = {isa = PBXBuildFile; fileRef = 6A404B4D2C4131C000295BBA /* Windows.swift */; };
		6A954B522C3FECF3003D1209 /* HappyDietApp.swift in Sources */ = {isa = PBXBuildFile; fileRef = 6A954B512C3FECF3003D1209 /* HappyDietApp.swift */; };
		6A954B562C3FECF4003D1209 /* Assets.xcassets in Resources */ = {isa = PBXBuildFile; fileRef = 6A954B552C3FECF4003D1209 /* Assets.xcassets */; };
		6A954B592C3FECF4003D1209 /* Preview Assets.xcassets in Resources */ = {isa = PBXBuildFile; fileRef = 6A954B582C3FECF4003D1209 /* Preview Assets.xcassets */; };
		6AEDCA002C4511AB00D10CBE /* InfoProrocol.swift in Sources */ = {isa = PBXBuildFile; fileRef = 6AEDC9FF2C4511AB00D10CBE /* InfoProrocol.swift */; };
		6AEDCA022C45122300D10CBE /* InfoEnum.swift in Sources */ = {isa = PBXBuildFile; fileRef = 6AEDCA012C45122300D10CBE /* InfoEnum.swift */; };
		6AEDCA042C45124600D10CBE /* AppInfo.swift in Sources */ = {isa = PBXBuildFile; fileRef = 6AEDCA032C45124600D10CBE /* AppInfo.swift */; };
		6AFB85D42C46210D00683E33 /* LoginViewModel.swift in Sources */ = {isa = PBXBuildFile; fileRef = 6AFB85D32C46210D00683E33 /* LoginViewModel.swift */; };
		6AFB85DA2C463D9700683E33 /* AgreementPage.swift in Sources */ = {isa = PBXBuildFile; fileRef = 6AFB85D92C463D9700683E33 /* AgreementPage.swift */; };
		6AFB85DD2C4669E600683E33 /* WebView.swift in Sources */ = {isa = PBXBuildFile; fileRef = 6AFB85DC2C4669E600683E33 /* WebView.swift */; };
		C4B9661DF9E4394BBD5BE554 /* Pods_HappyDiet.framework in Frameworks */ = {isa = PBXBuildFile; fileRef = 0D2E7A1EDE0FE399E2C94701 /* Pods_HappyDiet.framework */; };
/* End PBXBuildFile section */

/* Begin PBXFileReference section */
		0D2E7A1EDE0FE399E2C94701 /* Pods_HappyDiet.framework */ = {isa = PBXFileReference; explicitFileType = wrapper.framework; includeInIndex = 0; path = Pods_HappyDiet.framework; sourceTree = BUILT_PRODUCTS_DIR; };
		6A0E82052C44BF2300DAA61D /* Extension.swift */ = {isa = PBXFileReference; lastKnownFileType = sourcecode.swift; path = Extension.swift; sourceTree = "<group>"; };
		6A404B3C2C40C2F400295BBA /* Welcome.swift */ = {isa = PBXFileReference; lastKnownFileType = sourcecode.swift; path = Welcome.swift; sourceTree = "<group>"; };
		6A404B3E2C40C5B000295BBA /* SharedInfo.swift */ = {isa = PBXFileReference; lastKnownFileType = sourcecode.swift; path = SharedInfo.swift; sourceTree = "<group>"; };
		6A404B412C40DDF100295BBA /* TabController.swift */ = {isa = PBXFileReference; lastKnownFileType = sourcecode.swift; path = TabController.swift; sourceTree = "<group>"; };
		6A404B442C40DE9400295BBA /* Login.swift */ = {isa = PBXFileReference; lastKnownFileType = sourcecode.swift; path = Login.swift; sourceTree = "<group>"; };
		6A404B472C40F7FC00295BBA /* SQLManager.swift */ = {isa = PBXFileReference; lastKnownFileType = sourcecode.swift; path = SQLManager.swift; sourceTree = "<group>"; };
		6A404B492C40F83500295BBA /* UserInfoModel.swift */ = {isa = PBXFileReference; lastKnownFileType = sourcecode.swift; path = UserInfoModel.swift; sourceTree = "<group>"; };
		6A404B4B2C41046400295BBA /* PublicFunc.swift */ = {isa = PBXFileReference; lastKnownFileType = sourcecode.swift; path = PublicFunc.swift; sourceTree = "<group>"; };
		6A404B4D2C4131C000295BBA /* Windows.swift */ = {isa = PBXFileReference; lastKnownFileType = sourcecode.swift; path = Windows.swift; sourceTree = "<group>"; };
		6A954B4E2C3FECF3003D1209 /* HappyDiet.app */ = {isa = PBXFileReference; explicitFileType = wrapper.application; includeInIndex = 0; path = HappyDiet.app; sourceTree = BUILT_PRODUCTS_DIR; };
		6A954B512C3FECF3003D1209 /* HappyDietApp.swift */ = {isa = PBXFileReference; lastKnownFileType = sourcecode.swift; path = HappyDietApp.swift; sourceTree = "<group>"; };
		6A954B552C3FECF4003D1209 /* Assets.xcassets */ = {isa = PBXFileReference; lastKnownFileType = folder.assetcatalog; path = Assets.xcassets; sourceTree = "<group>"; };
		6A954B582C3FECF4003D1209 /* Preview Assets.xcassets */ = {isa = PBXFileReference; lastKnownFileType = folder.assetcatalog; path = "Preview Assets.xcassets"; sourceTree = "<group>"; };
		6AEDC9FF2C4511AB00D10CBE /* InfoProrocol.swift */ = {isa = PBXFileReference; lastKnownFileType = sourcecode.swift; path = InfoProrocol.swift; sourceTree = "<group>"; };
		6AEDCA012C45122300D10CBE /* InfoEnum.swift */ = {isa = PBXFileReference; lastKnownFileType = sourcecode.swift; path = InfoEnum.swift; sourceTree = "<group>"; };
		6AEDCA032C45124600D10CBE /* AppInfo.swift */ = {isa = PBXFileReference; lastKnownFileType = sourcecode.swift; path = AppInfo.swift; sourceTree = "<group>"; };
		6AFB85D32C46210D00683E33 /* LoginViewModel.swift */ = {isa = PBXFileReference; lastKnownFileType = sourcecode.swift; path = LoginViewModel.swift; sourceTree = "<group>"; };
		6AFB85D92C463D9700683E33 /* AgreementPage.swift */ = {isa = PBXFileReference; lastKnownFileType = sourcecode.swift; path = AgreementPage.swift; sourceTree = "<group>"; };
		6AFB85DC2C4669E600683E33 /* WebView.swift */ = {isa = PBXFileReference; lastKnownFileType = sourcecode.swift; path = WebView.swift; sourceTree = "<group>"; };
		9E1D053A6E716E04185DD0BD /* Pods-HappyDiet.debug.xcconfig */ = {isa = PBXFileReference; includeInIndex = 1; lastKnownFileType = text.xcconfig; name = "Pods-HappyDiet.debug.xcconfig"; path = "Target Support Files/Pods-HappyDiet/Pods-HappyDiet.debug.xcconfig"; sourceTree = "<group>"; };
		ED00160C175894A1946E163D /* Pods-HappyDiet.release.xcconfig */ = {isa = PBXFileReference; includeInIndex = 1; lastKnownFileType = text.xcconfig; name = "Pods-HappyDiet.release.xcconfig"; path = "Target Support Files/Pods-HappyDiet/Pods-HappyDiet.release.xcconfig"; sourceTree = "<group>"; };
/* End PBXFileReference section */

/* Begin PBXFrameworksBuildPhase section */
		6A954B4B2C3FECF3003D1209 /* Frameworks */ = {
			isa = PBXFrameworksBuildPhase;
			buildActionMask = 2147483647;
			files = (
				C4B9661DF9E4394BBD5BE554 /* Pods_HappyDiet.framework in Frameworks */,
			);
			runOnlyForDeploymentPostprocessing = 0;
		};
/* End PBXFrameworksBuildPhase section */

/* Begin PBXGroup section */
		002D8F598733400BC5351327 /* Frameworks */ = {
			isa = PBXGroup;
			children = (
				0D2E7A1EDE0FE399E2C94701 /* Pods_HappyDiet.framework */,
			);
			name = Frameworks;
			sourceTree = "<group>";
		};
		23AAC1D7B14EB8727C83B20F /* Pods */ = {
			isa = PBXGroup;
			children = (
				9E1D053A6E716E04185DD0BD /* Pods-HappyDiet.debug.xcconfig */,
				ED00160C175894A1946E163D /* Pods-HappyDiet.release.xcconfig */,
			);
			path = Pods;
			sourceTree = "<group>";
		};
		6A0E82042C44BF1500DAA61D /* Tools */ = {
			isa = PBXGroup;
			children = (
				6A0E82052C44BF2300DAA61D /* Extension.swift */,
			);
			path = Tools;
			sourceTree = "<group>";
		};
		6A404B3A2C40C29200295BBA /* SharedInfo */ = {
			isa = PBXGroup;
			children = (
				6A404B3E2C40C5B000295BBA /* SharedInfo.swift */,
				6AEDCA032C45124600D10CBE /* AppInfo.swift */,
				6AEDCA012C45122300D10CBE /* InfoEnum.swift */,
				6AEDC9FF2C4511AB00D10CBE /* InfoProrocol.swift */,
				6A404B4B2C41046400295BBA /* PublicFunc.swift */,
			);
			path = SharedInfo;
			sourceTree = "<group>";
		};
		6A404B3B2C40C2CD00295BBA /* Welcome */ = {
			isa = PBXGroup;
			children = (
				6A404B3C2C40C2F400295BBA /* Welcome.swift */,
			);
			path = Welcome;
			sourceTree = "<group>";
		};
		6A404B402C40DDDE00295BBA /* TabController */ = {
			isa = PBXGroup;
			children = (
				6A404B412C40DDF100295BBA /* TabController.swift */,
			);
			path = TabController;
			sourceTree = "<group>";
		};
		6A404B432C40DE8500295BBA /* Login */ = {
			isa = PBXGroup;
			children = (
				6AFB85D72C46212F00683E33 /* ViewModel */,
				6AFB85D62C46212600683E33 /* Model */,
				6AFB85D52C46211E00683E33 /* View */,
			);
			path = Login;
			sourceTree = "<group>";
		};
		6A404B462C40F7EB00295BBA /* SQLManager */ = {
			isa = PBXGroup;
			children = (
				6A404B472C40F7FC00295BBA /* SQLManager.swift */,
			);
			path = SQLManager;
			sourceTree = "<group>";
		};
		6A954B452C3FECF3003D1209 = {
			isa = PBXGroup;
			children = (
				6A954B502C3FECF3003D1209 /* HappyDiet */,
				6A954B4F2C3FECF3003D1209 /* Products */,
				23AAC1D7B14EB8727C83B20F /* Pods */,
				002D8F598733400BC5351327 /* Frameworks */,
			);
			sourceTree = "<group>";
		};
		6A954B4F2C3FECF3003D1209 /* Products */ = {
			isa = PBXGroup;
			children = (
				6A954B4E2C3FECF3003D1209 /* HappyDiet.app */,
			);
			name = Products;
			sourceTree = "<group>";
		};
		6A954B502C3FECF3003D1209 /* HappyDiet */ = {
			isa = PBXGroup;
			children = (
				6A954B512C3FECF3003D1209 /* HappyDietApp.swift */,
				6AFB85DB2C4669D300683E33 /* CommonView */,
				6AFB85D82C46215C00683E33 /* KeyWindows */,
				6A0E82042C44BF1500DAA61D /* Tools */,
				6A404B462C40F7EB00295BBA /* SQLManager */,
				6A404B432C40DE8500295BBA /* Login */,
				6A404B402C40DDDE00295BBA /* TabController */,
				6A404B3B2C40C2CD00295BBA /* Welcome */,
				6A404B3A2C40C29200295BBA /* SharedInfo */,
				6A954B552C3FECF4003D1209 /* Assets.xcassets */,
				6A954B572C3FECF4003D1209 /* Preview Content */,
			);
			path = HappyDiet;
			sourceTree = "<group>";
		};
		6A954B572C3FECF4003D1209 /* Preview Content */ = {
			isa = PBXGroup;
			children = (
				6A954B582C3FECF4003D1209 /* Preview Assets.xcassets */,
			);
			path = "Preview Content";
			sourceTree = "<group>";
		};
		6AFB85D52C46211E00683E33 /* View */ = {
			isa = PBXGroup;
			children = (
				6A404B442C40DE9400295BBA /* Login.swift */,
				6AFB85D92C463D9700683E33 /* AgreementPage.swift */,
			);
			path = View;
			sourceTree = "<group>";
		};
		6AFB85D62C46212600683E33 /* Model */ = {
			isa = PBXGroup;
			children = (
				6A404B492C40F83500295BBA /* UserInfoModel.swift */,
			);
			path = Model;
			sourceTree = "<group>";
		};
		6AFB85D72C46212F00683E33 /* ViewModel */ = {
			isa = PBXGroup;
			children = (
				6AFB85D32C46210D00683E33 /* LoginViewModel.swift */,
			);
			path = ViewModel;
			sourceTree = "<group>";
		};
		6AFB85D82C46215C00683E33 /* KeyWindows */ = {
			isa = PBXGroup;
			children = (
				6A404B4D2C4131C000295BBA /* Windows.swift */,
			);
			path = KeyWindows;
			sourceTree = "<group>";
		};
		6AFB85DB2C4669D300683E33 /* CommonView */ = {
			isa = PBXGroup;
			children = (
				6AFB85DC2C4669E600683E33 /* WebView.swift */,
			);
			path = CommonView;
			sourceTree = "<group>";
		};
/* End PBXGroup section */

/* Begin PBXNativeTarget section */
		6A954B4D2C3FECF3003D1209 /* HappyDiet */ = {
			isa = PBXNativeTarget;
			buildConfigurationList = 6A954B5C2C3FECF4003D1209 /* Build configuration list for PBXNativeTarget "HappyDiet" */;
			buildPhases = (
				BFF60D82DC9C768C0A831D15 /* [CP] Check Pods Manifest.lock */,
				6A954B4A2C3FECF3003D1209 /* Sources */,
				6A954B4B2C3FECF3003D1209 /* Frameworks */,
				6A954B4C2C3FECF3003D1209 /* Resources */,
				81CE008AE4C2551B8F9CB154 /* [CP] Embed Pods Frameworks */,
			);
			buildRules = (
			);
			dependencies = (
			);
			name = HappyDiet;
			productName = HappyDiet;
			productReference = 6A954B4E2C3FECF3003D1209 /* HappyDiet.app */;
			productType = "com.apple.product-type.application";
		};
/* End PBXNativeTarget section */

/* Begin PBXProject section */
		6A954B462C3FECF3003D1209 /* Project object */ = {
			isa = PBXProject;
			attributes = {
				BuildIndependentTargetsInParallel = 1;
				LastSwiftUpdateCheck = 1540;
				LastUpgradeCheck = 1540;
				TargetAttributes = {
					6A954B4D2C3FECF3003D1209 = {
						CreatedOnToolsVersion = 15.4;
					};
				};
			};
			buildConfigurationList = 6A954B492C3FECF3003D1209 /* Build configuration list for PBXProject "HappyDiet" */;
			compatibilityVersion = "Xcode 14.0";
			developmentRegion = "zh-Hans";
			hasScannedForEncodings = 0;
			knownRegions = (
				Base,
				"zh-Hans",
			);
			mainGroup = 6A954B452C3FECF3003D1209;
			productRefGroup = 6A954B4F2C3FECF3003D1209 /* Products */;
			projectDirPath = "";
			projectRoot = "";
			targets = (
				6A954B4D2C3FECF3003D1209 /* HappyDiet */,
			);
		};
/* End PBXProject section */

/* Begin PBXResourcesBuildPhase section */
		6A954B4C2C3FECF3003D1209 /* Resources */ = {
			isa = PBXResourcesBuildPhase;
			buildActionMask = 2147483647;
			files = (
				6A954B592C3FECF4003D1209 /* Preview Assets.xcassets in Resources */,
				6A954B562C3FECF4003D1209 /* Assets.xcassets in Resources */,
			);
			runOnlyForDeploymentPostprocessing = 0;
		};
/* End PBXResourcesBuildPhase section */

/* Begin PBXShellScriptBuildPhase section */
		81CE008AE4C2551B8F9CB154 /* [CP] Embed Pods Frameworks */ = {
			isa = PBXShellScriptBuildPhase;
			buildActionMask = 2147483647;
			files = (
			);
			inputFileListPaths = (
				"${PODS_ROOT}/Target Support Files/Pods-HappyDiet/Pods-HappyDiet-frameworks-${CONFIGURATION}-input-files.xcfilelist",
			);
			name = "[CP] Embed Pods Frameworks";
			outputFileListPaths = (
				"${PODS_ROOT}/Target Support Files/Pods-HappyDiet/Pods-HappyDiet-frameworks-${CONFIGURATION}-output-files.xcfilelist",
			);
			runOnlyForDeploymentPostprocessing = 0;
			shellPath = /bin/sh;
			shellScript = "\"${PODS_ROOT}/Target Support Files/Pods-HappyDiet/Pods-HappyDiet-frameworks.sh\"\n";
			showEnvVarsInLog = 0;
		};
		BFF60D82DC9C768C0A831D15 /* [CP] Check Pods Manifest.lock */ = {
			isa = PBXShellScriptBuildPhase;
			buildActionMask = 2147483647;
			files = (
			);
			inputFileListPaths = (
			);
			inputPaths = (
				"${PODS_PODFILE_DIR_PATH}/Podfile.lock",
				"${PODS_ROOT}/Manifest.lock",
			);
			name = "[CP] Check Pods Manifest.lock";
			outputFileListPaths = (
			);
			outputPaths = (
				"$(DERIVED_FILE_DIR)/Pods-HappyDiet-checkManifestLockResult.txt",
			);
			runOnlyForDeploymentPostprocessing = 0;
			shellPath = /bin/sh;
			shellScript = "diff \"${PODS_PODFILE_DIR_PATH}/Podfile.lock\" \"${PODS_ROOT}/Manifest.lock\" > /dev/null\nif [ $? != 0 ] ; then\n    # print error to STDERR\n    echo \"error: The sandbox is not in sync with the Podfile.lock. Run 'pod install' or update your CocoaPods installation.\" >&2\n    exit 1\nfi\n# This output is used by Xcode 'outputs' to avoid re-running this script phase.\necho \"SUCCESS\" > \"${SCRIPT_OUTPUT_FILE_0}\"\n";
			showEnvVarsInLog = 0;
		};
/* End PBXShellScriptBuildPhase section */

/* Begin PBXSourcesBuildPhase section */
		6A954B4A2C3FECF3003D1209 /* Sources */ = {
			isa = PBXSourcesBuildPhase;
			buildActionMask = 2147483647;
			files = (
				6A404B3D2C40C2F400295BBA /* Welcome.swift in Sources */,
				6AFB85DD2C4669E600683E33 /* WebView.swift in Sources */,
				6AEDCA002C4511AB00D10CBE /* InfoProrocol.swift in Sources */,
				6AEDCA022C45122300D10CBE /* InfoEnum.swift in Sources */,
				6A404B4E2C4131C000295BBA /* Windows.swift in Sources */,
				6A404B452C40DE9400295BBA /* Login.swift in Sources */,
				6AFB85DA2C463D9700683E33 /* AgreementPage.swift in Sources */,
				6A404B482C40F7FC00295BBA /* SQLManager.swift in Sources */,
				6AFB85D42C46210D00683E33 /* LoginViewModel.swift in Sources */,
				6A404B422C40DDF100295BBA /* TabController.swift in Sources */,
				6A0E82062C44BF2300DAA61D /* Extension.swift in Sources */,
				6A404B4A2C40F83500295BBA /* UserInfoModel.swift in Sources */,
				6A404B3F2C40C5B000295BBA /* SharedInfo.swift in Sources */,
				6A404B4C2C41046400295BBA /* PublicFunc.swift in Sources */,
				6AEDCA042C45124600D10CBE /* AppInfo.swift in Sources */,
				6A954B522C3FECF3003D1209 /* HappyDietApp.swift in Sources */,
			);
			runOnlyForDeploymentPostprocessing = 0;
		};
/* End PBXSourcesBuildPhase section */

/* Begin XCBuildConfiguration section */
		6A954B5A2C3FECF4003D1209 /* Debug */ = {
			isa = XCBuildConfiguration;
			buildSettings = {
				ALWAYS_SEARCH_USER_PATHS = NO;
				ASSETCATALOG_COMPILER_GENERATE_SWIFT_ASSET_SYMBOL_EXTENSIONS = YES;
				CLANG_ANALYZER_NONNULL = YES;
				CLANG_ANALYZER_NUMBER_OBJECT_CONVERSION = YES_AGGRESSIVE;
				CLANG_CXX_LANGUAGE_STANDARD = "gnu++20";
				CLANG_ENABLE_MODULES = YES;
				CLANG_ENABLE_OBJC_ARC = YES;
				CLANG_ENABLE_OBJC_WEAK = YES;
				CLANG_WARN_BLOCK_CAPTURE_AUTORELEASING = YES;
				CLANG_WARN_BOOL_CONVERSION = YES;
				CLANG_WARN_COMMA = YES;
				CLANG_WARN_CONSTANT_CONVERSION = YES;
				CLANG_WARN_DEPRECATED_OBJC_IMPLEMENTATIONS = YES;
				CLANG_WARN_DIRECT_OBJC_ISA_USAGE = YES_ERROR;
				CLANG_WARN_DOCUMENTATION_COMMENTS = YES;
				CLANG_WARN_EMPTY_BODY = YES;
				CLANG_WARN_ENUM_CONVERSION = YES;
				CLANG_WARN_INFINITE_RECURSION = YES;
				CLANG_WARN_INT_CONVERSION = YES;
				CLANG_WARN_NON_LITERAL_NULL_CONVERSION = YES;
				CLANG_WARN_OBJC_IMPLICIT_RETAIN_SELF = YES;
				CLANG_WARN_OBJC_LITERAL_CONVERSION = YES;
				CLANG_WARN_OBJC_ROOT_CLASS = YES_ERROR;
				CLANG_WARN_QUOTED_INCLUDE_IN_FRAMEWORK_HEADER = YES;
				CLANG_WARN_RANGE_LOOP_ANALYSIS = YES;
				CLANG_WARN_STRICT_PROTOTYPES = YES;
				CLANG_WARN_SUSPICIOUS_MOVE = YES;
				CLANG_WARN_UNGUARDED_AVAILABILITY = YES_AGGRESSIVE;
				CLANG_WARN_UNREACHABLE_CODE = YES;
				CLANG_WARN__DUPLICATE_METHOD_MATCH = YES;
				COPY_PHASE_STRIP = NO;
				DEBUG_INFORMATION_FORMAT = dwarf;
				ENABLE_STRICT_OBJC_MSGSEND = YES;
				ENABLE_TESTABILITY = YES;
				ENABLE_USER_SCRIPT_SANDBOXING = YES;
				GCC_C_LANGUAGE_STANDARD = gnu17;
				GCC_DYNAMIC_NO_PIC = NO;
				GCC_NO_COMMON_BLOCKS = YES;
				GCC_OPTIMIZATION_LEVEL = 0;
				GCC_PREPROCESSOR_DEFINITIONS = (
					"DEBUG=1",
					"$(inherited)",
				);
				GCC_WARN_64_TO_32_BIT_CONVERSION = YES;
				GCC_WARN_ABOUT_RETURN_TYPE = YES_ERROR;
				GCC_WARN_UNDECLARED_SELECTOR = YES;
				GCC_WARN_UNINITIALIZED_AUTOS = YES_AGGRESSIVE;
				GCC_WARN_UNUSED_FUNCTION = YES;
				GCC_WARN_UNUSED_VARIABLE = YES;
				IPHONEOS_DEPLOYMENT_TARGET = 17.5;
				LOCALIZATION_PREFERS_STRING_CATALOGS = YES;
				MTL_ENABLE_DEBUG_INFO = INCLUDE_SOURCE;
				MTL_FAST_MATH = YES;
				ONLY_ACTIVE_ARCH = YES;
				SDKROOT = iphoneos;
				SWIFT_ACTIVE_COMPILATION_CONDITIONS = "DEBUG $(inherited)";
				SWIFT_OPTIMIZATION_LEVEL = "-Onone";
			};
			name = Debug;
		};
		6A954B5B2C3FECF4003D1209 /* Release */ = {
			isa = XCBuildConfiguration;
			buildSettings = {
				ALWAYS_SEARCH_USER_PATHS = NO;
				ASSETCATALOG_COMPILER_GENERATE_SWIFT_ASSET_SYMBOL_EXTENSIONS = YES;
				CLANG_ANALYZER_NONNULL = YES;
				CLANG_ANALYZER_NUMBER_OBJECT_CONVERSION = YES_AGGRESSIVE;
				CLANG_CXX_LANGUAGE_STANDARD = "gnu++20";
				CLANG_ENABLE_MODULES = YES;
				CLANG_ENABLE_OBJC_ARC = YES;
				CLANG_ENABLE_OBJC_WEAK = YES;
				CLANG_WARN_BLOCK_CAPTURE_AUTORELEASING = YES;
				CLANG_WARN_BOOL_CONVERSION = YES;
				CLANG_WARN_COMMA = YES;
				CLANG_WARN_CONSTANT_CONVERSION = YES;
				CLANG_WARN_DEPRECATED_OBJC_IMPLEMENTATIONS = YES;
				CLANG_WARN_DIRECT_OBJC_ISA_USAGE = YES_ERROR;
				CLANG_WARN_DOCUMENTATION_COMMENTS = YES;
				CLANG_WARN_EMPTY_BODY = YES;
				CLANG_WARN_ENUM_CONVERSION = YES;
				CLANG_WARN_INFINITE_RECURSION = YES;
				CLANG_WARN_INT_CONVERSION = YES;
				CLANG_WARN_NON_LITERAL_NULL_CONVERSION = YES;
				CLANG_WARN_OBJC_IMPLICIT_RETAIN_SELF = YES;
				CLANG_WARN_OBJC_LITERAL_CONVERSION = YES;
				CLANG_WARN_OBJC_ROOT_CLASS = YES_ERROR;
				CLANG_WARN_QUOTED_INCLUDE_IN_FRAMEWORK_HEADER = YES;
				CLANG_WARN_RANGE_LOOP_ANALYSIS = YES;
				CLANG_WARN_STRICT_PROTOTYPES = YES;
				CLANG_WARN_SUSPICIOUS_MOVE = YES;
				CLANG_WARN_UNGUARDED_AVAILABILITY = YES_AGGRESSIVE;
				CLANG_WARN_UNREACHABLE_CODE = YES;
				CLANG_WARN__DUPLICATE_METHOD_MATCH = YES;
				COPY_PHASE_STRIP = NO;
				DEBUG_INFORMATION_FORMAT = "dwarf-with-dsym";
				ENABLE_NS_ASSERTIONS = NO;
				ENABLE_STRICT_OBJC_MSGSEND = YES;
				ENABLE_USER_SCRIPT_SANDBOXING = YES;
				GCC_C_LANGUAGE_STANDARD = gnu17;
				GCC_NO_COMMON_BLOCKS = YES;
				GCC_WARN_64_TO_32_BIT_CONVERSION = YES;
				GCC_WARN_ABOUT_RETURN_TYPE = YES_ERROR;
				GCC_WARN_UNDECLARED_SELECTOR = YES;
				GCC_WARN_UNINITIALIZED_AUTOS = YES_AGGRESSIVE;
				GCC_WARN_UNUSED_FUNCTION = YES;
				GCC_WARN_UNUSED_VARIABLE = YES;
				IPHONEOS_DEPLOYMENT_TARGET = 17.5;
				LOCALIZATION_PREFERS_STRING_CATALOGS = YES;
				MTL_ENABLE_DEBUG_INFO = NO;
				MTL_FAST_MATH = YES;
				SDKROOT = iphoneos;
				SWIFT_COMPILATION_MODE = wholemodule;
				VALIDATE_PRODUCT = YES;
			};
			name = Release;
		};
		6A954B5D2C3FECF4003D1209 /* Debug */ = {
			isa = XCBuildConfiguration;
			baseConfigurationReference = 9E1D053A6E716E04185DD0BD /* Pods-HappyDiet.debug.xcconfig */;
			buildSettings = {
				ASSETCATALOG_COMPILER_APPICON_NAME = AppIcon;
				ASSETCATALOG_COMPILER_GLOBAL_ACCENT_COLOR_NAME = AccentColor;
				CODE_SIGN_STYLE = Automatic;
				CURRENT_PROJECT_VERSION = 1;
				DEVELOPMENT_ASSET_PATHS = "\"HappyDiet/Preview Content\"";
				DEVELOPMENT_TEAM = JYL43SXW4K;
				ENABLE_PREVIEWS = YES;
				ENABLE_USER_SCRIPT_SANDBOXING = NO;
				GENERATE_INFOPLIST_FILE = YES;
				INFOPLIST_KEY_CFBundleDisplayName = "快乐美食";
				INFOPLIST_KEY_UIApplicationSceneManifest_Generation = YES;
				INFOPLIST_KEY_UIApplicationSupportsIndirectInputEvents = YES;
				INFOPLIST_KEY_UILaunchScreen_Generation = YES;
				INFOPLIST_KEY_UISupportedInterfaceOrientations_iPad = "UIInterfaceOrientationPortrait UIInterfaceOrientationPortraitUpsideDown UIInterfaceOrientationLandscapeLeft UIInterfaceOrientationLandscapeRight";
				INFOPLIST_KEY_UISupportedInterfaceOrientations_iPhone = "UIInterfaceOrientationPortrait UIInterfaceOrientationLandscapeLeft UIInterfaceOrientationLandscapeRight";
				IPHONEOS_DEPLOYMENT_TARGET = 17.0;
				LD_RUNPATH_SEARCH_PATHS = (
					"$(inherited)",
					"@executable_path/Frameworks",
				);
				MARKETING_VERSION = 1.0.0;
				PRODUCT_BUNDLE_IDENTIFIER = com.trade.client.app;
				PRODUCT_NAME = "$(TARGET_NAME)";
				SWIFT_EMIT_LOC_STRINGS = YES;
				SWIFT_VERSION = 5.0;
				TARGETED_DEVICE_FAMILY = "1,2";
			};
			name = Debug;
		};
		6A954B5E2C3FECF4003D1209 /* Release */ = {
			isa = XCBuildConfiguration;
			baseConfigurationReference = ED00160C175894A1946E163D /* Pods-HappyDiet.release.xcconfig */;
			buildSettings = {
				ASSETCATALOG_COMPILER_APPICON_NAME = AppIcon;
				ASSETCATALOG_COMPILER_GLOBAL_ACCENT_COLOR_NAME = AccentColor;
				CODE_SIGN_STYLE = Automatic;
				CURRENT_PROJECT_VERSION = 1;
				DEVELOPMENT_ASSET_PATHS = "\"HappyDiet/Preview Content\"";
				DEVELOPMENT_TEAM = JYL43SXW4K;
				ENABLE_PREVIEWS = YES;
				ENABLE_USER_SCRIPT_SANDBOXING = NO;
				GENERATE_INFOPLIST_FILE = YES;
				INFOPLIST_KEY_CFBundleDisplayName = "快乐美食";
				INFOPLIST_KEY_UIApplicationSceneManifest_Generation = YES;
				INFOPLIST_KEY_UIApplicationSupportsIndirectInputEvents = YES;
				INFOPLIST_KEY_UILaunchScreen_Generation = YES;
				INFOPLIST_KEY_UISupportedInterfaceOrientations_iPad = "UIInterfaceOrientationPortrait UIInterfaceOrientationPortraitUpsideDown UIInterfaceOrientationLandscapeLeft UIInterfaceOrientationLandscapeRight";
				INFOPLIST_KEY_UISupportedInterfaceOrientations_iPhone = "UIInterfaceOrientationPortrait UIInterfaceOrientationLandscapeLeft UIInterfaceOrientationLandscapeRight";
				IPHONEOS_DEPLOYMENT_TARGET = 17.0;
				LD_RUNPATH_SEARCH_PATHS = (
					"$(inherited)",
					"@executable_path/Frameworks",
				);
				MARKETING_VERSION = 1.0.0;
				PRODUCT_BUNDLE_IDENTIFIER = com.trade.client.app;
				PRODUCT_NAME = "$(TARGET_NAME)";
				SWIFT_EMIT_LOC_STRINGS = YES;
				SWIFT_VERSION = 5.0;
				TARGETED_DEVICE_FAMILY = "1,2";
			};
			name = Release;
		};
/* End XCBuildConfiguration section */

/* Begin XCConfigurationList section */
		6A954B492C3FECF3003D1209 /* Build configuration list for PBXProject "HappyDiet" */ = {
			isa = XCConfigurationList;
			buildConfigurations = (
				6A954B5A2C3FECF4003D1209 /* Debug */,
				6A954B5B2C3FECF4003D1209 /* Release */,
			);
			defaultConfigurationIsVisible = 0;
			defaultConfigurationName = Release;
		};
		6A954B5C2C3FECF4003D1209 /* Build configuration list for PBXNativeTarget "HappyDiet" */ = {
			isa = XCConfigurationList;
			buildConfigurations = (
				6A954B5D2C3FECF4003D1209 /* Debug */,
				6A954B5E2C3FECF4003D1209 /* Release */,
			);
			defaultConfigurationIsVisible = 0;
			defaultConfigurationName = Release;
		};
/* End XCConfigurationList section */
	};
	rootObject = 6A954B462C3FECF3003D1209 /* Project object */;
}
